
Microsoft Visual Studio Solution File, Format Version 12.00
# Visual Studio Version 16
VisualStudioVersion = 16.0.28803.202
MinimumVisualStudioVersion = 10.0.40219.1
Project("{9A19103F-16F7-4668-BE54-9A1E7A4F7556}") = "RxFileSystemWatcher", "RxFileSystemWatcher\RxFileSystemWatcher.csproj", "{DADEDC55-1C23-4529-8D06-D24CB88F7793}"
EndProject
Project("{FAE04EC0-301F-11D3-BF4B-00C04F79EFBC}") = "Tests", "Tests\Tests.csproj", "{54716BA6-C555-4E61-8160-CE62EA23F610}"
EndProject
Global
	GlobalSection(SolutionConfigurationPlatforms) = preSolution
		Debug|Any CPU = Debug|Any CPU
		Release|Any CPU = Release|Any CPU
	EndGlobalSection
	GlobalSection(ProjectConfigurationPlatforms) = postSolution
		{DADEDC55-1C23-4529-8D06-D24CB88F7793}.Debug|Any CPU.ActiveCfg = Debug|Any CPU
		{DADEDC55-1C23-4529-8D06-D24CB88F7793}.Debug|Any CPU.Build.0 = Debug|Any CPU
		{DADEDC55-1C23-4529-8D06-D24CB88F7793}.Release|Any CPU.ActiveCfg = Release|Any CPU
		{DADEDC55-1C23-4529-8D06-D24CB88F7793}.Release|Any CPU.Build.0 = Release|Any CPU
		{54716BA6-C555-4E61-8160-CE62EA23F610}.Debug|Any CPU.ActiveCfg = Debug|Any CPU
		{54716BA6-C555-4E61-8160-CE62EA23F610}.Debug|Any CPU.Build.0 = Debug|Any CPU
		{54716BA6-C555-4E61-8160-CE62EA23F610}.Release|Any CPU.ActiveCfg = Release|Any CPU
		{54716BA6-C555-4E61-8160-CE62EA23F610}.Release|Any CPU.Build.0 = Release|Any CPU
	EndGlobalSection
	GlobalSection(SolutionProperties) = preSolution
		HideSolutionNode = FALSE
	EndGlobalSection
	GlobalSection(ExtensibilityGlobals) = postSolution
		SolutionGuid = {6A5A1030-3EEF-4F87-A9BE-C661002F615C}
	EndGlobalSection
EndGlobal
